
Microsoft Visual Studio Solution File, Format Version 12.00
# Visual Studio Version 17
VisualStudioVersion = 17.11.35201.85
MinimumVisualStudioVersion = 10.0.40219.1
Project("{8BC9CEB8-8B4A-11D0-8D11-00A0C91BC942}") = "Core", "Source\Core\Core.vcxproj", "{E0947F3A-8107-3BB4-83BE-9A22D419719E}"
EndProject
Project("{8BC9CEB8-8B4A-11D0-8D11-00A0C91BC942}") = "Prey", "Source\Games\Prey\Prey.vcxproj", "{3DA928FD-9A18-473E-8D05-F22B96A30197}"
EndProject
Project("{2150E333-8FDC-42A3-9474-1A3956D46DE8}") = "Games", "Games", "{02EA681E-C7D8-13C7-8484-4AC65E1B71E8}"
EndProject
Project("{8BC9CEB8-8B4A-11D0-8D11-00A0C91BC942}") = "Template", "Source\Games\Template\Template.vcxproj", "{08143144-3ABB-D7B3-815C-7A798924E8E6}"
EndProject
Project("{8BC9CEB8-8B4A-11D0-8D11-00A0C91BC942}") = "Vertigo", "Source\Games\Vertigo\Vertigo.vcxproj", "{14E5D475-764C-35B7-7A7F-EA9C910C41BB}"
EndProject
Project("{8BC9CEB8-8B4A-11D0-8D11-00A0C91BC942}") = "BioShock 2", "Source\Games\Bioshock 2\Bioshock 2.vcxproj", "{2D83616E-813C-DB05-0623-2E25145C8CCF}"
EndProject
Project("{8BC9CEB8-8B4A-11D0-8D11-00A0C91BC942}") = "Dishonored 2", "Source\Games\Dishonored 2\Dishonored 2.vcxproj", "{A2C1A344-DB26-1518-2783-C64CF97DD969}"
EndProject
Project("{8BC9CEB8-8B4A-11D0-8D11-00A0C91BC942}") = "Mafia III", "Source\Games\Mafia III\Mafia III.vcxproj", "{890ED9C4-668B-65B3-D953-37D85DF155AC}"
EndProject
Project("{8BC9CEB8-8B4A-11D0-8D11-00A0C91BC942}") = "Trine 5", "Source\Games\Trine 5\Trine 5.vcxproj", "{163BA26C-1EA0-EB05-F492-C8AF046A1F46}"
EndProject
Global
	GlobalSection(SolutionConfigurationPlatforms) = preSolution
		Debug|x64 = Debug|x64
		Debug|x86 = Debug|x86
		Release|x64 = Release|x64
		Release|x86 = Release|x86
	EndGlobalSection
	GlobalSection(ProjectConfigurationPlatforms) = postSolution
		{E0947F3A-8107-3BB4-83BE-9A22D419719E}.Debug|x64.ActiveCfg = Debug|x64
		{E0947F3A-8107-3BB4-83BE-9A22D419719E}.Debug|x64.Build.0 = Debug|x64
		{E0947F3A-8107-3BB4-83BE-9A22D419719E}.Debug|x86.ActiveCfg = Debug|Win32
		{E0947F3A-8107-3BB4-83BE-9A22D419719E}.Debug|x86.Build.0 = Debug|Win32
		{E0947F3A-8107-3BB4-83BE-9A22D419719E}.Release|x64.ActiveCfg = Release|x64
		{E0947F3A-8107-3BB4-83BE-9A22D419719E}.Release|x64.Build.0 = Release|x64
		{E0947F3A-8107-3BB4-83BE-9A22D419719E}.Release|x86.ActiveCfg = Release|Win32
		{E0947F3A-8107-3BB4-83BE-9A22D419719E}.Release|x86.Build.0 = Release|Win32
		{3DA928FD-9A18-473E-8D05-F22B96A30197}.Debug|x64.ActiveCfg = Debug|x64
		{3DA928FD-9A18-473E-8D05-F22B96A30197}.Debug|x64.Build.0 = Debug|x64
		{3DA928FD-9A18-473E-8D05-F22B96A30197}.Debug|x86.ActiveCfg = Debug|x64
		{3DA928FD-9A18-473E-8D05-F22B96A30197}.Release|x64.ActiveCfg = Release|x64
		{3DA928FD-9A18-473E-8D05-F22B96A30197}.Release|x64.Build.0 = Release|x64
		{3DA928FD-9A18-473E-8D05-F22B96A30197}.Release|x86.ActiveCfg = Release|x64
		{08143144-3ABB-D7B3-815C-7A798924E8E6}.Debug|x64.ActiveCfg = Debug|x64
		{08143144-3ABB-D7B3-815C-7A798924E8E6}.Debug|x64.Build.0 = Debug|x64
		{08143144-3ABB-D7B3-815C-7A798924E8E6}.Debug|x86.ActiveCfg = Debug|Win32
		{08143144-3ABB-D7B3-815C-7A798924E8E6}.Debug|x86.Build.0 = Debug|Win32
		{08143144-3ABB-D7B3-815C-7A798924E8E6}.Release|x64.ActiveCfg = Release|x64
		{08143144-3ABB-D7B3-815C-7A798924E8E6}.Release|x64.Build.0 = Release|x64
		{08143144-3ABB-D7B3-815C-7A798924E8E6}.Release|x86.ActiveCfg = Release|Win32
		{08143144-3ABB-D7B3-815C-7A798924E8E6}.Release|x86.Build.0 = Release|Win32
		{14E5D475-764C-35B7-7A7F-EA9C910C41BB}.Debug|x64.ActiveCfg = Debug|x64
		{14E5D475-764C-35B7-7A7F-EA9C910C41BB}.Debug|x64.Build.0 = Debug|x64
		{14E5D475-764C-35B7-7A7F-EA9C910C41BB}.Debug|x86.ActiveCfg = Debug|x64
		{14E5D475-764C-35B7-7A7F-EA9C910C41BB}.Release|x64.ActiveCfg = Release|x64
		{14E5D475-764C-35B7-7A7F-EA9C910C41BB}.Release|x64.Build.0 = Release|x64
		{14E5D475-764C-35B7-7A7F-EA9C910C41BB}.Release|x86.ActiveCfg = Release|x64
		{2D83616E-813C-DB05-0623-2E25145C8CCF}.Debug|x64.ActiveCfg = Debug|Win32
		{2D83616E-813C-DB05-0623-2E25145C8CCF}.Debug|x86.ActiveCfg = Debug|Win32
		{2D83616E-813C-DB05-0623-2E25145C8CCF}.Debug|x86.Build.0 = Debug|Win32
		{2D83616E-813C-DB05-0623-2E25145C8CCF}.Release|x64.ActiveCfg = Release|Win32
		{2D83616E-813C-DB05-0623-2E25145C8CCF}.Release|x86.ActiveCfg = Release|Win32
		{2D83616E-813C-DB05-0623-2E25145C8CCF}.Release|x86.Build.0 = Release|Win32
		{A2C1A344-DB26-1518-2783-C64CF97DD969}.Debug|x64.ActiveCfg = Debug|x64
		{A2C1A344-DB26-1518-2783-C64CF97DD969}.Debug|x64.Build.0 = Debug|x64
		{A2C1A344-DB26-1518-2783-C64CF97DD969}.Debug|x86.ActiveCfg = Debug|x64
		{A2C1A344-DB26-1518-2783-C64CF97DD969}.Release|x64.ActiveCfg = Release|x64
		{A2C1A344-DB26-1518-2783-C64CF97DD969}.Release|x64.Build.0 = Release|x64
		{A2C1A344-DB26-1518-2783-C64CF97DD969}.Release|x86.ActiveCfg = Release|x64
		{890ED9C4-668B-65B3-D953-37D85DF155AC}.Debug|x64.ActiveCfg = Debug|x64
		{890ED9C4-668B-65B3-D953-37D85DF155AC}.Debug|x64.Build.0 = Debug|x64
		{890ED9C4-668B-65B3-D953-37D85DF155AC}.Debug|x86.ActiveCfg = Debug|x64
		{890ED9C4-668B-65B3-D953-37D85DF155AC}.Release|x64.ActiveCfg = Release|x64
		{890ED9C4-668B-65B3-D953-37D85DF155AC}.Release|x64.Build.0 = Release|x64
		{890ED9C4-668B-65B3-D953-37D85DF155AC}.Release|x86.ActiveCfg = Release|x64
		{163BA26C-1EA0-EB05-F492-C8AF046A1F46}.Debug|x64.ActiveCfg = Debug|x64
		{163BA26C-1EA0-EB05-F492-C8AF046A1F46}.Debug|x64.Build.0 = Debug|x64
		{163BA26C-1EA0-EB05-F492-C8AF046A1F46}.Debug|x86.ActiveCfg = Debug|x64
		{163BA26C-1EA0-EB05-F492-C8AF046A1F46}.Release|x64.ActiveCfg = Release|x64
		{163BA26C-1EA0-EB05-F492-C8AF046A1F46}.Release|x64.Build.0 = Release|x64
		{163BA26C-1EA0-EB05-F492-C8AF046A1F46}.Release|x86.ActiveCfg = Release|x64
	EndGlobalSection
	GlobalSection(SolutionProperties) = preSolution
		HideSolutionNode = FALSE
	EndGlobalSection
	GlobalSection(NestedProjects) = preSolution
		{3DA928FD-9A18-473E-8D05-F22B96A30197} = {02EA681E-C7D8-13C7-8484-4AC65E1B71E8}
		{08143144-3ABB-D7B3-815C-7A798924E8E6} = {02EA681E-C7D8-13C7-8484-4AC65E1B71E8}
		{14E5D475-764C-35B7-7A7F-EA9C910C41BB} = {02EA681E-C7D8-13C7-8484-4AC65E1B71E8}
		{2D83616E-813C-DB05-0623-2E25145C8CCF} = {02EA681E-C7D8-13C7-8484-4AC65E1B71E8}
		{A2C1A344-DB26-1518-2783-C64CF97DD969} = {02EA681E-C7D8-13C7-8484-4AC65E1B71E8}
		{890ED9C4-668B-65B3-D953-37D85DF155AC} = {02EA681E-C7D8-13C7-8484-4AC65E1B71E8}
		{163BA26C-1EA0-EB05-F492-C8AF046A1F46} = {02EA681E-C7D8-13C7-8484-4AC65E1B71E8}
	EndGlobalSection
	GlobalSection(ExtensibilityGlobals) = postSolution
		SolutionGuid = {8B799422-BA66-3174-B21F-B9FA07C4B2E3}
	EndGlobalSection
EndGlobal
