<?xml version="1.0" encoding="utf-8"?>
<Project ToolsVersion="4.0" xmlns="http://schemas.microsoft.com/developer/msbuild/2003">
  <ItemGroup>
    <ClCompile Include="main.cpp" />
    <ClCompile Include="BS2_CrashFix\BS2_CrashFix.cpp">
      <Filter>BS2_CrashFix</Filter>
    </ClCompile>
    <ClCompile Include="..\..\Core\unity_build.cpp" />
  </ItemGroup>
  <ItemGroup>
    <Filter Include="BS2_CrashFix">
      <UniqueIdentifier>{32e7743b-3b27-4880-aa1c-a24fad789eac}</UniqueIdentifier>
    </Filter>
  </ItemGroup>
  <ItemGroup>
    <ClInclude Include="BS2_CrashFix\BS2_CrashFix.h">
      <Filter>BS2_CrashFix</Filter>
    </ClInclude>
  </ItemGroup>
</Project>