<?xml version="1.0" encoding="utf-8"?>
<Project ToolsVersion="4.0" xmlns="http://schemas.microsoft.com/developer/msbuild/2003">
  <ItemGroup>
    <ClCompile Include="main.cpp" />
    <ClCompile Include="patches\Patches.cpp">
      <Filter>Patches</Filter>
    </ClCompile>
  </ItemGroup>
  <ItemGroup>
    <Filter Include="Patches">
      <UniqueIdentifier>{c799340b-0a1f-48b1-aa82-c5f1f0063f52}</UniqueIdentifier>
    </Filter>
    <Filter Include="Patches\Includes">
      <UniqueIdentifier>{0b329795-e1da-4fe2-b5a0-641ff692486e}</UniqueIdentifier>
    </Filter>
  </ItemGroup>
  <ItemGroup>
    <ClInclude Include="patches\Patches.h">
      <Filter>Patches</Filter>
    </ClInclude>
  </ItemGroup>
</Project>