<?xml version="1.0" encoding="utf-8"?>
<Project ToolsVersion="4.0" xmlns="http://schemas.microsoft.com/developer/msbuild/2003">
  <ItemGroup>
    <Filter Include="Native Plugin">
      <UniqueIdentifier>{7113a1ef-c35e-4f19-9a75-8b8b7990a1a5}</UniqueIdentifier>
    </Filter>
    <Filter Include="Native Plugin\Includes">
      <UniqueIdentifier>{492e8153-563e-485e-9fef-ce6a1394606a}</UniqueIdentifier>
    </Filter>
    <Filter Include="Includes">
      <UniqueIdentifier>{0696518e-8513-462f-8c29-e0a3b3bb7a2b}</UniqueIdentifier>
    </Filter>
  </ItemGroup>
  <ItemGroup>
    <ClCompile Include="native plugin\Hooks.cpp">
      <Filter>Native Plugin</Filter>
    </ClCompile>
    <ClCompile Include="native plugin\NativePlugin.cpp">
      <Filter>Native Plugin</Filter>
    </ClCompile>
    <ClCompile Include="native plugin\RE.cpp">
      <Filter>Native Plugin</Filter>
    </ClCompile>
    <ClCompile Include="main.cpp" />
  </ItemGroup>
  <ItemGroup>
    <None Include="vcpkg.json" />
  </ItemGroup>
  <ItemGroup>
    <ClInclude Include="native plugin\Hooks.h">
      <Filter>Native Plugin</Filter>
    </ClInclude>
    <ClInclude Include="native plugin\NativePlugin.h">
      <Filter>Native Plugin</Filter>
    </ClInclude>
    <ClInclude Include="native plugin\Offsets.h">
      <Filter>Native Plugin</Filter>
    </ClInclude>
    <ClInclude Include="native plugin\RE.h">
      <Filter>Native Plugin</Filter>
    </ClInclude>
    <ClInclude Include="native plugin\includes\SharedBegin.h">
      <Filter>Native Plugin\Includes</Filter>
    </ClInclude>
    <ClInclude Include="native plugin\includes\SharedEnd.h">
      <Filter>Native Plugin\Includes</Filter>
    </ClInclude>
    <ClInclude Include="includes\cbuffers.h">
      <Filter>Includes</Filter>
    </ClInclude>
  </ItemGroup>
</Project>